
Microsoft Visual Studio Solution File, Format Version 12.00
# Visual Studio Version 16
VisualStudioVersion = 16.0.29519.87
MinimumVisualStudioVersion = 10.0.40219.1
Project("{9A19103F-16F7-4668-BE54-9A1E7A4F7556}") = "EDelivery", "EDelivery\EDelivery.csproj", "{14F7B57E-737A-479A-8A12-BF56BF1EA55B}"
EndProject
Global
	GlobalSection(SolutionConfigurationPlatforms) = preSolution
		Debug|Any CPU = Debug|Any CPU
		Release|Any CPU = Release|Any CPU
	EndGlobalSection
	GlobalSection(ProjectConfigurationPlatforms) = postSolution
		{14F7B57E-737A-479A-8A12-BF56BF1EA55B}.Debug|Any CPU.ActiveCfg = Debug|Any CPU
		{14F7B57E-737A-479A-8A12-BF56BF1EA55B}.Debug|Any CPU.Build.0 = Debug|Any CPU
		{14F7B57E-737A-479A-8A12-BF56BF1EA55B}.Release|Any CPU.ActiveCfg = Release|Any CPU
		{14F7B57E-737A-479A-8A12-BF56BF1EA55B}.Release|Any CPU.Build.0 = Release|Any CPU
	EndGlobalSection
	GlobalSection(SolutionProperties) = preSolution
		HideSolutionNode = FALSE
	EndGlobalSection
	GlobalSection(ExtensibilityGlobals) = postSolution
		SolutionGuid = {189DCB4C-31DC-49A5-BF52-2B357176F1DB}
	EndGlobalSection
EndGlobal
